
Microsoft Visual Studio Solution File, Format Version 12.00
# Visual Studio Version 17
VisualStudioVersion = 17.2.32630.192
MinimumVisualStudioVersion = 10.0.40219.1
Project("{FAE04EC0-301F-11D3-BF4B-00C04F79EFBC}") = "Task3_ListNode", "Task3_ListNode\Task3_ListNode.csproj", "{DC049011-ECBE-4F44-827E-C16110EFFAB9}"
EndProject
Global
	GlobalSection(SolutionConfigurationPlatforms) = preSolution
		Debug|Any CPU = Debug|Any CPU
		Release|Any CPU = Release|Any CPU
	EndGlobalSection
	GlobalSection(ProjectConfigurationPlatforms) = postSolution
		{DC049011-ECBE-4F44-827E-C16110EFFAB9}.Debug|Any CPU.ActiveCfg = Debug|Any CPU
		{DC049011-ECBE-4F44-827E-C16110EFFAB9}.Debug|Any CPU.Build.0 = Debug|Any CPU
		{DC049011-ECBE-4F44-827E-C16110EFFAB9}.Release|Any CPU.ActiveCfg = Release|Any CPU
		{DC049011-ECBE-4F44-827E-C16110EFFAB9}.Release|Any CPU.Build.0 = Release|Any CPU
	EndGlobalSection
	GlobalSection(SolutionProperties) = preSolution
		HideSolutionNode = FALSE
	EndGlobalSection
	GlobalSection(ExtensibilityGlobals) = postSolution
		SolutionGuid = {7AE057DE-345C-43AD-A985-D4FAAB874533}
	EndGlobalSection
EndGlobal
